lockfileVersion: '9.0'

settings:
  autoInstallPeers: true
  excludeLinksFromLockfile: false

importers:

  .:
    dependencies:
      tinyglobby:
        specifier: ^0.2.15
        version: 0.2.15
    devDependencies:
      '@types/node':
        specifier: ^24.10.1
        version: 24.10.1
      oxlint:
        specifier: ^1.23.0
        version: 1.23.0(oxlint-tsgolint@0.2.0)
      oxlint-tsgolint:
        specifier: ^0.2.0
        version: 0.2.0
      typescript:
        specifier: ^5.9.3
        version: 5.9.3

packages:

  '@oxlint-tsgolint/darwin-arm64@0.2.0':
    resolution: {integrity: sha512-ayJO9SmiJ15oV3+svIw8bqun0ySdjiD7L+ddwNB4vOAgUX/rdX1KTBnDb/ZEk6MOFBnFgbbiEiLRJLlGtuFYVQ==}
    cpu: [arm64]
    os: [darwin]

  '@oxlint-tsgolint/darwin-x64@0.2.0':
    resolution: {integrity: sha512-iCrcjkqqyy3zq+yXOmNsjt/DiSU4u9yJ00hEr4oGSrrk7V0ju6eqrmsh8VGS74YLY3MCskTjeTyVDRR7huc3WQ==}
    cpu: [x64]
    os: [darwin]

  '@oxlint-tsgolint/linux-arm64@0.2.0':
    resolution: {integrity: sha512-Kne4mrJGCZ0O+/ukcvWftCmDAEFUpMQ4q4wZdWVlnmNdTbtICIay3ofk/rzX0QoZmEZh0jy/G7p+5P0t9Bg5Sg==}
    cpu: [arm64]
    os: [linux]

  '@oxlint-tsgolint/linux-x64@0.2.0':
    resolution: {integrity: sha512-DKGFSR71fnExWpJXvN32SqWuEcT1XXeI1CKpO63jgXTAUpVl9H/BXG3+gNptSoZqzqeFTj8jOgiaX6VkOABqGA==}
    cpu: [x64]
    os: [linux]

  '@oxlint-tsgolint/win32-arm64@0.2.0':
    resolution: {integrity: sha512-Grbkva1YH0eTRtv3MkVTFAycVwQSytcl8N52zNs1YresWwOlnNvNZ5EeLIaQaudcxwsbpZWR2Bdsfa467zDJTw==}
    cpu: [arm64]
    os: [win32]

  '@oxlint-tsgolint/win32-x64@0.2.0':
    resolution: {integrity: sha512-asfPqgu7r1H8NmBNxfMpZER6WvrUTH8BDMPIcChBhrUjuSmt4UMyiyul3CEPZLPQcPlaWCeGnConTu3BabK4Fw==}
    cpu: [x64]
    os: [win32]

  '@oxlint/darwin-arm64@1.23.0':
    resolution: {integrity: sha512-sbxoftgEMKmZQO7O4wHR9Rs7MfiHa2UH2x4QJDoc4LXqSCsI4lUIJbFQ05vX+zOUbt7CQMPdxEzExd4DqeKY2w==}
    cpu: [arm64]
    os: [darwin]

  '@oxlint/darwin-x64@1.23.0':
    resolution: {integrity: sha512-PjByWr1TlwHQiOqEc8CPyXCT4wnujSK3n9l1m4un0Eh0uLJEDG5WM9tyDWOGuakC0Ika9/SMp0HDRg3ySchRRA==}
    cpu: [x64]
    os: [darwin]

  '@oxlint/linux-arm64-gnu@1.23.0':
    resolution: {integrity: sha512-sWlCwQ6xKeKC08qU3SfozqpRGCLJiO/onPYFJKEHbjzHkFp+OubOacFaT4ePcka28jCU1TvQ7Gi5BVQRncr0Xg==}
    cpu: [arm64]
    os: [linux]

  '@oxlint/linux-arm64-musl@1.23.0':
    resolution: {integrity: sha512-MPkmSiezuVgjMbzDSkRhENdnb038JOI+OTpBrOho2crbCAuqSRvyFwkMRhncJGZskzo1yeKxrKXB8T83ofmSXw==}
    cpu: [arm64]
    os: [linux]

  '@oxlint/linux-x64-gnu@1.23.0':
    resolution: {integrity: sha512-F6H9wmLfjBoNqtsgyg3P9abLnkVjNbCAnISKdRtDl7HvkMs4s/eU8np9+tSnqPeKOTBhkS+h/VSWgPGZTqIWQA==}
    cpu: [x64]
    os: [linux]

  '@oxlint/linux-x64-musl@1.23.0':
    resolution: {integrity: sha512-Xra0Cow35mAku8mbUbviPRalTU4Ct6MXQ1Eue8GmN4HFkjosrNa5qfy7QkJBqzjiI+JdnHxPXwackGn92/XOQw==}
    cpu: [x64]
    os: [linux]

  '@oxlint/win32-arm64@1.23.0':
    resolution: {integrity: sha512-FR+I+uGD3eFzTfBw87QRr+Y1jBYil3TqPM0wkSvuf3gOJTEXAfSkh9QHCgQqrseW3HDW7YJJ8ty1+sU31H/N4g==}
    cpu: [arm64]
    os: [win32]

  '@oxlint/win32-x64@1.23.0':
    resolution: {integrity: sha512-/oX0b26YIC1OgS5B+G8Ux1Vs/PIjOP4CBRzsPpYr0T+RoboJ3ZuV32bztLRggJKQqIlozcqiRo9fl/UMOMp8kQ==}
    cpu: [x64]
    os: [win32]

  '@types/node@24.10.1':
    resolution: {integrity: sha512-GNWcUTRBgIRJD5zj+Tq0fKOJ5XZajIiBroOF0yvj2bSU1WvNdYS/dn9UxwsujGW4JX06dnHyjV2y9rRaybH0iQ==}

  fdir@6.5.0:
    resolution: {integrity: sha512-tIbYtZbucOs0BRGqPJkshJUYdL+SDH7dVM8gjy+ERp3WAUjLEFJE+02kanyHtwjWOnwrKYBiwAmM0p4kLJAnXg==}
    engines: {node: '>=12.0.0'}
    peerDependencies:
      picomatch: ^3 || ^4
    peerDependenciesMeta:
      picomatch:
        optional: true

  oxlint-tsgolint@0.2.0:
    resolution: {integrity: sha512-37Hy+FT1sz8hHUo31JIgFDA8NcFndexrg5okutWRPXNejJwB9hKN+pyInaQQIv4XDsgNcQsSR2VJoq99eaGk9g==}
    hasBin: true

  oxlint@1.23.0:
    resolution: {integrity: sha512-cLVdSE7Bza8npm+PffU0oufs15+M5uSMbQn0k2fJCayWU0xqQ3dyA3w9tEk8lgNOk1j1VJEdYctz64Vik8VG1w==}
    engines: {node: ^20.19.0 || >=22.12.0}
    hasBin: true
    peerDependencies:
      oxlint-tsgolint: '>=0.2.0'
    peerDependenciesMeta:
      oxlint-tsgolint:
        optional: true

  picomatch@4.0.3:
    resolution: {integrity: sha512-5gTmgEY/sqK6gFXLIsQNH19lWb4ebPDLA4SdLP7dsWkIXHWlG66oPuVvXSGFPppYZz8ZDZq0dYYrbHfBCVUb1Q==}
    engines: {node: '>=12'}

  tinyglobby@0.2.15:
    resolution: {integrity: sha512-j2Zq4NyQYG5XMST4cbs02Ak8iJUdxRM0XI5QyxXuZOzKOINmWurp3smXu3y5wDcJrptwpSjgXHzIQxR0omXljQ==}
    engines: {node: '>=12.0.0'}

  typescript@5.9.3:
    resolution: {integrity: sha512-jl1vZzPDinLr9eUt3J/t7V6FgNEw9QjvBPdysz9KfQDD41fQrC2Y4vKQdiaUpFT4bXlb1RHhLpp8wtm6M5TgSw==}
    engines: {node: '>=14.17'}
    hasBin: true

  undici-types@7.16.0:
    resolution: {integrity: sha512-Zz+aZWSj8LE6zoxD+xrjh4VfkIG8Ya6LvYkZqtUQGJPZjYl53ypCaUwWqo7eI0x66KBGeRo+mlBEkMSeSZ38Nw==}

snapshots:

  '@oxlint-tsgolint/darwin-arm64@0.2.0':
    optional: true

  '@oxlint-tsgolint/darwin-x64@0.2.0':
    optional: true

  '@oxlint-tsgolint/linux-arm64@0.2.0':
    optional: true

  '@oxlint-tsgolint/linux-x64@0.2.0':
    optional: true

  '@oxlint-tsgolint/win32-arm64@0.2.0':
    optional: true

  '@oxlint-tsgolint/win32-x64@0.2.0':
    optional: true

  '@oxlint/darwin-arm64@1.23.0':
    optional: true

  '@oxlint/darwin-x64@1.23.0':
    optional: true

  '@oxlint/linux-arm64-gnu@1.23.0':
    optional: true

  '@oxlint/linux-arm64-musl@1.23.0':
    optional: true

  '@oxlint/linux-x64-gnu@1.23.0':
    optional: true

  '@oxlint/linux-x64-musl@1.23.0':
    optional: true

  '@oxlint/win32-arm64@1.23.0':
    optional: true

  '@oxlint/win32-x64@1.23.0':
    optional: true

  '@types/node@24.10.1':
    dependencies:
      undici-types: 7.16.0

  fdir@6.5.0(picomatch@4.0.3):
    optionalDependencies:
      picomatch: 4.0.3

  oxlint-tsgolint@0.2.0:
    optionalDependencies:
      '@oxlint-tsgolint/darwin-arm64': 0.2.0
      '@oxlint-tsgolint/darwin-x64': 0.2.0
      '@oxlint-tsgolint/linux-arm64': 0.2.0
      '@oxlint-tsgolint/linux-x64': 0.2.0
      '@oxlint-tsgolint/win32-arm64': 0.2.0
      '@oxlint-tsgolint/win32-x64': 0.2.0

  oxlint@1.23.0(oxlint-tsgolint@0.2.0):
    optionalDependencies:
      '@oxlint/darwin-arm64': 1.23.0
      '@oxlint/darwin-x64': 1.23.0
      '@oxlint/linux-arm64-gnu': 1.23.0
      '@oxlint/linux-arm64-musl': 1.23.0
      '@oxlint/linux-x64-gnu': 1.23.0
      '@oxlint/linux-x64-musl': 1.23.0
      '@oxlint/win32-arm64': 1.23.0
      '@oxlint/win32-x64': 1.23.0
      oxlint-tsgolint: 0.2.0

  picomatch@4.0.3: {}

  tinyglobby@0.2.15:
    dependencies:
      fdir: 6.5.0(picomatch@4.0.3)
      picomatch: 4.0.3

  typescript@5.9.3: {}

  undici-types@7.16.0: {}
